
Microsoft Visual Studio Solution File, Format Version 12.00
# Visual Studio Version 17
VisualStudioVersion = 17.14.36623.8 d17.14
MinimumVisualStudioVersion = 10.0.40219.1
Project("{FAE04EC0-301F-11D3-BF4B-00C04F79EFBC}") = "AlmacenS", "AlmacenS.csproj", "{C80B9BEA-B371-4A94-8DE6-516FC04DFE0D}"
EndProject
Global
	GlobalSection(SolutionConfigurationPlatforms) = preSolution
		Debug|Any CPU = Debug|Any CPU
		Release|Any CPU = Release|Any CPU
	EndGlobalSection
	GlobalSection(ProjectConfigurationPlatforms) = postSolution
		{C80B9BEA-B371-4A94-8DE6-516FC04DFE0D}.Debug|Any CPU.ActiveCfg = Debug|Any CPU
		{C80B9BEA-B371-4A94-8DE6-516FC04DFE0D}.Debug|Any CPU.Build.0 = Debug|Any CPU
		{C80B9BEA-B371-4A94-8DE6-516FC04DFE0D}.Release|Any CPU.ActiveCfg = Release|Any CPU
		{C80B9BEA-B371-4A94-8DE6-516FC04DFE0D}.Release|Any CPU.Build.0 = Release|Any CPU
	EndGlobalSection
	GlobalSection(SolutionProperties) = preSolution
		HideSolutionNode = FALSE
	EndGlobalSection
	GlobalSection(ExtensibilityGlobals) = postSolution
		SolutionGuid = {F7BF1475-D7E6-4D1F-8715-C67A6B073810}
	EndGlobalSection
EndGlobal
